DEPENDENCIES
  vm
    path: .
    metadata: true

GRAPH
  apt (2.9.2)
  apt-docker (0.3.0)
    apt (~> 2.9)
  bashd (0.3.0)
  chef-sugar (3.1.1)
  chef_handler (1.3.0)
  compat_resource (12.9.1)
  dmg (2.4.0)
  docker (2.6.8)
    compat_resource (>= 12.9.0)
  vagrant (0.5.0)
    dmg (>= 2.2.2)
    windows (~> 1.38)
  vm (0.1.0)
    apt (= 2.9.2)
    apt-docker (= 0.3.0)
    bashd (= 0.3.0)
    chef-sugar (= 3.1.1)
    docker (= 2.6.8)
    vagrant (= 0.5.0)
  windows (1.40.0)
    chef_handler (>= 0.0.0)
