DEPENDENCIES
  vm
    path: .
    metadata: true

GRAPH
  apt (6.0.1)
  ark (3.0.0)
    build-essential (>= 0.0.0)
    seven_zip (>= 0.0.0)
    windows (>= 0.0.0)
  bashd (0.3.0)
  build-essential (8.0.0)
    mingw (>= 1.1)
    seven_zip (>= 0.0.0)
  chef-apt-docker (1.1.1)
  chef-sugar (3.4.0)
  dmg (3.1.1)
  docker (2.15.2)
  mingw (2.0.0)
    seven_zip (>= 0.0.0)
  ohai (5.0.3)
  seven_zip (2.0.2)
    windows (>= 1.2.2)
  vagrant (0.7.0)
    dmg (>= 2.2.2)
    windows (>= 1.38)
  vm (0.2.0)
    apt (= 6.0.1)
    ark (= 3.0.0)
    bashd (= 0.3.0)
    chef-apt-docker (= 1.1.1)
    chef-sugar (= 3.4.0)
    docker (= 2.15.2)
    vagrant (= 0.7.0)
  windows (3.0.5)
    ohai (>= 4.0.0)
